// !$*UTF8*$!
{
	archiveVersion = 1;
	classes = {
	};
	objectVersion = 46;
	objects = {

/* Begin PBXBuildFile section */
		70554E151A0ACDA70070C729 /* CardMatchingGame.m in Sources */ = {isa = PBXBuildFile; fileRef = 70554E141A0ACDA70070C729 /* CardMatchingGame.m */; };
		70B7A8291A7AA42A005075CF /* Default-568h@2x.png in Resources */ = {isa = PBXBuildFile; fileRef = 70B7A8281A7AA42A005075CF /* Default-568h@2x.png */; };
		70D6D7C61A092E370057B20A /* main.m in Sources */ = {isa = PBXBuildFile; fileRef = 70D6D7C51A092E370057B20A /* main.m */; };
		70D6D7C91A092E370057B20A /* AppDelegate.m in Sources */ = {isa = PBXBuildFile; fileRef = 70D6D7C81A092E370057B20A /* AppDelegate.m */; };
		70D6D7CC1A092E370057B20A /* ViewController.m in Sources */ = {isa = PBXBuildFile; fileRef = 70D6D7CB1A092E370057B20A /* ViewController.m */; };
		70D6D7CF1A092E370057B20A /* Main.storyboard in Resources */ = {isa = PBXBuildFile; fileRef = 70D6D7CD1A092E370057B20A /* Main.storyboard */; };
		70D6D7D11A092E370057B20A /* Images.xcassets in Resources */ = {isa = PBXBuildFile; fileRef = 70D6D7D01A092E370057B20A /* Images.xcassets */; };
		70D6D7D41A092E370057B20A /* LaunchScreen.xib in Resources */ = {isa = PBXBuildFile; fileRef = 70D6D7D21A092E370057B20A /* LaunchScreen.xib */; };
		70D6D7E01A092E380057B20A /* StanfordMatchismoTests.m in Sources */ = {isa = PBXBuildFile; fileRef = 70D6D7DF1A092E380057B20A /* StanfordMatchismoTests.m */; };
		70D6D7EB1A092E8E0057B20A /* Card.m in Sources */ = {isa = PBXBuildFile; fileRef = 70D6D7EA1A092E8E0057B20A /* Card.m */; };
		70D6D7EF1A09321C0057B20A /* Deck.m in Sources */ = {isa = PBXBuildFile; fileRef = 70D6D7EE1A09321C0057B20A /* Deck.m */; };
		70D6D7F21A096B340057B20A /* PlayingCard.m in Sources */ = {isa = PBXBuildFile; fileRef = 70D6D7F11A096B340057B20A /* PlayingCard.m */; };
		70D6D7F51A0977100057B20A /* PlayingCardDeck.m in Sources */ = {isa = PBXBuildFile; fileRef = 70D6D7F41A0977100057B20A /* PlayingCardDeck.m */; };
/* End PBXBuildFile section */

/* Begin PBXContainerItemProxy section */
		70D6D7DA1A092E380057B20A /* PBXContainerItemProxy */ = {
			isa = PBXContainerItemProxy;
			containerPortal = 70D6D7B81A092E370057B20A /* Project object */;
			proxyType = 1;
			remoteGlobalIDString = 70D6D7BF1A092E370057B20A;
			remoteInfo = StanfordMatchismo;
		};
/* End PBXContainerItemProxy section */

/* Begin PBXFileReference section */
		70554E131A0ACDA70070C729 /* CardMatchingGame.h */ = {isa = PBXFileReference; fileEncoding = 4; lastKnownFileType = sourcecode.c.h; name = CardMatchingGame.h; path = Model/CardMatchingGame.h; sourceTree = "<group>"; };
		70554E141A0ACDA70070C729 /* CardMatchingGame.m */ = {isa = PBXFileReference; fileEncoding = 4; lastKnownFileType = sourcecode.c.objc; name = CardMatchingGame.m; path = Model/CardMatchingGame.m; sourceTree = "<group>"; };
		70B7A8281A7AA42A005075CF /* Default-568h@2x.png */ = {isa = PBXFileReference; lastKnownFileType = image.png; path = "Default-568h@2x.png"; sourceTree = "<group>"; };
		70D6D7C01A092E370057B20A /* Match-A-Card.app */ = {isa = PBXFileReference; explicitFileType = wrapper.application; includeInIndex = 0; path = "Match-A-Card.app"; sourceTree = BUILT_PRODUCTS_DIR; };
		70D6D7C41A092E370057B20A /* Info.plist */ = {isa = PBXFileReference; lastKnownFileType = text.plist.xml; path = Info.plist; sourceTree = "<group>"; };
		70D6D7C51A092E370057B20A /* main.m */ = {isa = PBXFileReference; lastKnownFileType = sourcecode.c.objc; path = main.m; sourceTree = "<group>"; };
		70D6D7C71A092E370057B20A /* AppDelegate.h */ = {isa = PBXFileReference; lastKnownFileType = sourcecode.c.h; path = AppDelegate.h; sourceTree = "<group>"; };
		70D6D7C81A092E370057B20A /* AppDelegate.m */ = {isa = PBXFileReference; lastKnownFileType = sourcecode.c.objc; path = AppDelegate.m; sourceTree = "<group>"; };
		70D6D7CA1A092E370057B20A /* ViewController.h */ = {isa = PBXFileReference; lastKnownFileType = sourcecode.c.h; path = ViewController.h; sourceTree = "<group>"; };
		70D6D7CB1A092E370057B20A /* ViewController.m */ = {isa = PBXFileReference; lastKnownFileType = sourcecode.c.objc; path = ViewController.m; sourceTree = "<group>"; };
		70D6D7CE1A092E370057B20A /* Base */ = {isa = PBXFileReference; lastKnownFileType = file.storyboard; name = Base; path = Base.lproj/Main.storyboard; sourceTree = "<group>"; };
		70D6D7D01A092E370057B20A /* Images.xcassets */ = {isa = PBXFileReference; lastKnownFileType = folder.assetcatalog; path = Images.xcassets; sourceTree = "<group>"; };
		70D6D7D31A092E370057B20A /* Base */ = {isa = PBXFileReference; lastKnownFileType = file.xib; name = Base; path = Base.lproj/LaunchScreen.xib; sourceTree = "<group>"; };
		70D6D7D91A092E380057B20A /* Match-A-CardTests.xctest */ = {isa = PBXFileReference; explicitFileType = wrapper.cfbundle; includeInIndex = 0; path = "Match-A-CardTests.xctest"; sourceTree = BUILT_PRODUCTS_DIR; };
		70D6D7DE1A092E380057B20A /* Info.plist */ = {isa = PBXFileReference; lastKnownFileType = text.plist.xml; path = Info.plist; sourceTree = "<group>"; };
		70D6D7DF1A092E380057B20A /* StanfordMatchismoTests.m */ = {isa = PBXFileReference; lastKnownFileType = sourcecode.c.objc; path = StanfordMatchismoTests.m; sourceTree = "<group>"; };
		70D6D7E91A092E8E0057B20A /* Card.h */ = {isa = PBXFileReference; fileEncoding = 4; lastKnownFileType = sourcecode.c.h; name = Card.h; path = Model/Card.h; sourceTree = "<group>"; };
		70D6D7EA1A092E8E0057B20A /* Card.m */ = {isa = PBXFileReference; fileEncoding = 4; lastKnownFileType = sourcecode.c.objc; name = Card.m; path = Model/Card.m; sourceTree = "<group>"; };
		70D6D7ED1A09321C0057B20A /* Deck.h */ = {isa = PBXFileReference; fileEncoding = 4; lastKnownFileType = sourcecode.c.h; name = Deck.h; path = Model/Deck.h; sourceTree = "<group>"; };
		70D6D7EE1A09321C0057B20A /* Deck.m */ = {isa = PBXFileReference; fileEncoding = 4; lastKnownFileType = sourcecode.c.objc; name = Deck.m; path = Model/Deck.m; sourceTree = "<group>"; };
		70D6D7F01A096B340057B20A /* PlayingCard.h */ = {isa = PBXFileReference; fileEncoding = 4; lastKnownFileType = sourcecode.c.h; name = PlayingCard.h; path = Model/PlayingCard.h; sourceTree = "<group>"; };
		70D6D7F11A096B340057B20A /* PlayingCard.m */ = {isa = PBXFileReference; fileEncoding = 4; lastKnownFileType = sourcecode.c.objc; name = PlayingCard.m; path = Model/PlayingCard.m; sourceTree = "<group>"; };
		70D6D7F31A0977100057B20A /* PlayingCardDeck.h */ = {isa = PBXFileReference; fileEncoding = 4; lastKnownFileType = sourcecode.c.h; name = PlayingCardDeck.h; path = Model/PlayingCardDeck.h; sourceTree = "<group>"; };
		70D6D7F41A0977100057B20A /* PlayingCardDeck.m */ = {isa = PBXFileReference; fileEncoding = 4; lastKnownFileType = sourcecode.c.objc; name = PlayingCardDeck.m; path = Model/PlayingCardDeck.m; sourceTree = "<group>"; };
/* End PBXFileReference section */

/* Begin PBXFrameworksBuildPhase section */
		70D6D7BD1A092E370057B20A /* Frameworks */ = {
			isa = PBXFrameworksBuildPhase;
			buildActionMask = 2147483647;
			files = (
			);
			runOnlyForDeploymentPostprocessing = 0;
		};
		70D6D7D61A092E380057B20A /* Frameworks */ = {
			isa = PBXFrameworksBuildPhase;
			buildActionMask = 2147483647;
			files = (
			);
			runOnlyForDeploymentPostprocessing = 0;
		};
/* End PBXFrameworksBuildPhase section */

/* Begin PBXGroup section */
		70D6D7B71A092E370057B20A = {
			isa = PBXGroup;
			children = (
				70B7A8281A7AA42A005075CF /* Default-568h@2x.png */,
				70D6D7C21A092E370057B20A /* Root */,
				70D6D7DC1A092E380057B20A /* RootTests */,
				70D6D7C11A092E370057B20A /* Products */,
			);
			sourceTree = "<group>";
		};
		70D6D7C11A092E370057B20A /* Products */ = {
			isa = PBXGroup;
			children = (
				70D6D7C01A092E370057B20A /* Match-A-Card.app */,
				70D6D7D91A092E380057B20A /* Match-A-CardTests.xctest */,
			);
			name = Products;
			sourceTree = "<group>";
		};
		70D6D7C21A092E370057B20A /* Root */ = {
			isa = PBXGroup;
			children = (
				70D6D7CA1A092E370057B20A /* ViewController.h */,
				70D6D7CB1A092E370057B20A /* ViewController.m */,
				70D6D7CD1A092E370057B20A /* Main.storyboard */,
				70D6D7EC1A092E960057B20A /* Model */,
				70D6D7D01A092E370057B20A /* Images.xcassets */,
				70D6D7D21A092E370057B20A /* LaunchScreen.xib */,
				70D6D7C31A092E370057B20A /* Supporting Files */,
			);
			name = Root;
			path = StanfordMatchismo;
			sourceTree = "<group>";
		};
		70D6D7C31A092E370057B20A /* Supporting Files */ = {
			isa = PBXGroup;
			children = (
				70D6D7C71A092E370057B20A /* AppDelegate.h */,
				70D6D7C81A092E370057B20A /* AppDelegate.m */,
				70D6D7C41A092E370057B20A /* Info.plist */,
				70D6D7C51A092E370057B20A /* main.m */,
			);
			name = "Supporting Files";
			sourceTree = "<group>";
		};
		70D6D7DC1A092E380057B20A /* RootTests */ = {
			isa = PBXGroup;
			children = (
				70D6D7DF1A092E380057B20A /* StanfordMatchismoTests.m */,
				70D6D7DD1A092E380057B20A /* Supporting Files */,
			);
			name = RootTests;
			path = StanfordMatchismoTests;
			sourceTree = "<group>";
		};
		70D6D7DD1A092E380057B20A /* Supporting Files */ = {
			isa = PBXGroup;
			children = (
				70D6D7DE1A092E380057B20A /* Info.plist */,
			);
			name = "Supporting Files";
			sourceTree = "<group>";
		};
		70D6D7EC1A092E960057B20A /* Model */ = {
			isa = PBXGroup;
			children = (
				70554E131A0ACDA70070C729 /* CardMatchingGame.h */,
				70554E141A0ACDA70070C729 /* CardMatchingGame.m */,
				70D6D7E91A092E8E0057B20A /* Card.h */,
				70D6D7EA1A092E8E0057B20A /* Card.m */,
				70D6D7ED1A09321C0057B20A /* Deck.h */,
				70D6D7EE1A09321C0057B20A /* Deck.m */,
				70D6D7F01A096B340057B20A /* PlayingCard.h */,
				70D6D7F11A096B340057B20A /* PlayingCard.m */,
				70D6D7F31A0977100057B20A /* PlayingCardDeck.h */,
				70D6D7F41A0977100057B20A /* PlayingCardDeck.m */,
			);
			name = Model;
			path = ..;
			sourceTree = "<group>";
		};
/* End PBXGroup section */

/* Begin PBXNativeTarget section */
		70D6D7BF1A092E370057B20A /* Match-A-Card */ = {
			isa = PBXNativeTarget;
			buildConfigurationList = 70D6D7E31A092E380057B20A /* Build configuration list for PBXNativeTarget "Match-A-Card" */;
			buildPhases = (
				70D6D7BC1A092E370057B20A /* Sources */,
				70D6D7BD1A092E370057B20A /* Frameworks */,
				70D6D7BE1A092E370057B20A /* Resources */,
			);
			buildRules = (
			);
			dependencies = (
			);
			name = "Match-A-Card";
			productName = StanfordMatchismo;
			productReference = 70D6D7C01A092E370057B20A /* Match-A-Card.app */;
			productType = "com.apple.product-type.application";
		};
		70D6D7D81A092E380057B20A /* Match-A-CardTests */ = {
			isa = PBXNativeTarget;
			buildConfigurationList = 70D6D7E61A092E380057B20A /* Build configuration list for PBXNativeTarget "Match-A-CardTests" */;
			buildPhases = (
				70D6D7D51A092E380057B20A /* Sources */,
				70D6D7D61A092E380057B20A /* Frameworks */,
				70D6D7D71A092E380057B20A /* Resources */,
			);
			buildRules = (
			);
			dependencies = (
				70D6D7DB1A092E380057B20A /* PBXTargetDependency */,
			);
			name = "Match-A-CardTests";
			productName = StanfordMatchismoTests;
			productReference = 70D6D7D91A092E380057B20A /* Match-A-CardTests.xctest */;
			productType = "com.apple.product-type.bundle.unit-test";
		};
/* End PBXNativeTarget section */

/* Begin PBXProject section */
		70D6D7B81A092E370057B20A /* Project object */ = {
			isa = PBXProject;
			attributes = {
				LastUpgradeCheck = 0610;
				ORGANIZATIONNAME = Kartoshka;
				TargetAttributes = {
					70D6D7BF1A092E370057B20A = {
						CreatedOnToolsVersion = 6.1;
					};
					70D6D7D81A092E380057B20A = {
						CreatedOnToolsVersion = 6.1;
						TestTargetID = 70D6D7BF1A092E370057B20A;
					};
				};
			};
			buildConfigurationList = 70D6D7BB1A092E370057B20A /* Build configuration list for PBXProject "Match-A-Card" */;
			compatibilityVersion = "Xcode 3.2";
			developmentRegion = English;
			hasScannedForEncodings = 0;
			knownRegions = (
				en,
				Base,
			);
			mainGroup = 70D6D7B71A092E370057B20A;
			productRefGroup = 70D6D7C11A092E370057B20A /* Products */;
			projectDirPath = "";
			projectRoot = "";
			targets = (
				70D6D7BF1A092E370057B20A /* Match-A-Card */,
				70D6D7D81A092E380057B20A /* Match-A-CardTests */,
			);
		};
/* End PBXProject section */

/* Begin PBXResourcesBuildPhase section */
		70D6D7BE1A092E370057B20A /* Resources */ = {
			isa = PBXResourcesBuildPhase;
			buildActionMask = 2147483647;
			files = (
				70D6D7CF1A092E370057B20A /* Main.storyboard in Resources */,
				70B7A8291A7AA42A005075CF /* Default-568h@2x.png in Resources */,
				70D6D7D41A092E370057B20A /* LaunchScreen.xib in Resources */,
				70D6D7D11A092E370057B20A /* Images.xcassets in Resources */,
			);
			runOnlyForDeploymentPostprocessing = 0;
		};
		70D6D7D71A092E380057B20A /* Resources */ = {
			isa = PBXResourcesBuildPhase;
			buildActionMask = 2147483647;
			files = (
			);
			runOnlyForDeploymentPostprocessing = 0;
		};
/* End PBXResourcesBuildPhase section */

/* Begin PBXSourcesBuildPhase section */
		70D6D7BC1A092E370057B20A /* Sources */ = {
			isa = PBXSourcesBuildPhase;
			buildActionMask = 2147483647;
			files = (
				70D6D7F21A096B340057B20A /* PlayingCard.m in Sources */,
				70D6D7EF1A09321C0057B20A /* Deck.m in Sources */,
				70D6D7CC1A092E370057B20A /* ViewController.m in Sources */,
				70D6D7C91A092E370057B20A /* AppDelegate.m in Sources */,
				70554E151A0ACDA70070C729 /* CardMatchingGame.m in Sources */,
				70D6D7F51A0977100057B20A /* PlayingCardDeck.m in Sources */,
				70D6D7C61A092E370057B20A /* main.m in Sources */,
				70D6D7EB1A092E8E0057B20A /* Card.m in Sources */,
			);
			runOnlyForDeploymentPostprocessing = 0;
		};
		70D6D7D51A092E380057B20A /* Sources */ = {
			isa = PBXSourcesBuildPhase;
			buildActionMask = 2147483647;
			files = (
				70D6D7E01A092E380057B20A /* StanfordMatchismoTests.m in Sources */,
			);
			runOnlyForDeploymentPostprocessing = 0;
		};
/* End PBXSourcesBuildPhase section */

/* Begin PBXTargetDependency section */
		70D6D7DB1A092E380057B20A /* PBXTargetDependency */ = {
			isa = PBXTargetDependency;
			target = 70D6D7BF1A092E370057B20A /* Match-A-Card */;
			targetProxy = 70D6D7DA1A092E380057B20A /* PBXContainerItemProxy */;
		};
/* End PBXTargetDependency section */

/* Begin PBXVariantGroup section */
		70D6D7CD1A092E370057B20A /* Main.storyboard */ = {
			isa = PBXVariantGroup;
			children = (
				70D6D7CE1A092E370057B20A /* Base */,
			);
			name = Main.storyboard;
			sourceTree = "<group>";
		};
		70D6D7D21A092E370057B20A /* LaunchScreen.xib */ = {
			isa = PBXVariantGroup;
			children = (
				70D6D7D31A092E370057B20A /* Base */,
			);
			name = LaunchScreen.xib;
			sourceTree = "<group>";
		};
/* End PBXVariantGroup section */

/* Begin XCBuildConfiguration section */
		70D6D7E11A092E380057B20A /* Debug */ = {
			isa = XCBuildConfiguration;
			buildSettings = {
				ALWAYS_SEARCH_USER_PATHS = NO;
				CLANG_CXX_LANGUAGE_STANDARD = "gnu++0x";
				CLANG_CXX_LIBRARY = "libc++";
				CLANG_ENABLE_MODULES = YES;
				CLANG_ENABLE_OBJC_ARC = YES;
				CLANG_WARN_BOOL_CONVERSION = YES;
				CLANG_WARN_CONSTANT_CONVERSION = YES;
				CLANG_WARN_DIRECT_OBJC_ISA_USAGE = YES_ERROR;
				CLANG_WARN_EMPTY_BODY = YES;
				CLANG_WARN_ENUM_CONVERSION = YES;
				CLANG_WARN_INT_CONVERSION = YES;
				CLANG_WARN_OBJC_ROOT_CLASS = YES_ERROR;
				CLANG_WARN_UNREACHABLE_CODE = YES;
				CLANG_WARN__DUPLICATE_METHOD_MATCH = YES;
				"CODE_SIGN_IDENTITY[sdk=iphoneos*]" = "iPhone Developer";
				COPY_PHASE_STRIP = NO;
				ENABLE_STRICT_OBJC_MSGSEND = YES;
				GCC_C_LANGUAGE_STANDARD = gnu99;
				GCC_DYNAMIC_NO_PIC = NO;
				GCC_OPTIMIZATION_LEVEL = 0;
				GCC_PREPROCESSOR_DEFINITIONS = (
					"DEBUG=1",
					"$(inherited)",
				);
				GCC_SYMBOLS_PRIVATE_EXTERN = NO;
				GCC_WARN_64_TO_32_BIT_CONVERSION = YES;
				GCC_WARN_ABOUT_RETURN_TYPE = YES_ERROR;
				GCC_WARN_UNDECLARED_SELECTOR = YES;
				GCC_WARN_UNINITIALIZED_AUTOS = YES_AGGRESSIVE;
				GCC_WARN_UNUSED_FUNCTION = YES;
				GCC_WARN_UNUSED_VARIABLE = YES;
				IPHONEOS_DEPLOYMENT_TARGET = 8.1;
				MTL_ENABLE_DEBUG_INFO = YES;
				ONLY_ACTIVE_ARCH = YES;
				SDKROOT = iphoneos;
			};
			name = Debug;
		};
		70D6D7E21A092E380057B20A /* Release */ = {
			isa = XCBuildConfiguration;
			buildSettings = {
				ALWAYS_SEARCH_USER_PATHS = NO;
				CLANG_CXX_LANGUAGE_STANDARD = "gnu++0x";
				CLANG_CXX_LIBRARY = "libc++";
				CLANG_ENABLE_MODULES = YES;
				CLANG_ENABLE_OBJC_ARC = YES;
				CLANG_WARN_BOOL_CONVERSION = YES;
				CLANG_WARN_CONSTANT_CONVERSION = YES;
				CLANG_WARN_DIRECT_OBJC_ISA_USAGE = YES_ERROR;
				CLANG_WARN_EMPTY_BODY = YES;
				CLANG_WARN_ENUM_CONVERSION = YES;
				CLANG_WARN_INT_CONVERSION = YES;
				CLANG_WARN_OBJC_ROOT_CLASS = YES_ERROR;
				CLANG_WARN_UNREACHABLE_CODE = YES;
				CLANG_WARN__DUPLICATE_METHOD_MATCH = YES;
				"CODE_SIGN_IDENTITY[sdk=iphoneos*]" = "iPhone Developer";
				COPY_PHASE_STRIP = YES;
				ENABLE_NS_ASSERTIONS = NO;
				ENABLE_STRICT_OBJC_MSGSEND = YES;
				GCC_C_LANGUAGE_STANDARD = gnu99;
				GCC_WARN_64_TO_32_BIT_CONVERSION = YES;
				GCC_WARN_ABOUT_RETURN_TYPE = YES_ERROR;
				GCC_WARN_UNDECLARED_SELECTOR = YES;
				GCC_WARN_UNINITIALIZED_AUTOS = YES_AGGRESSIVE;
				GCC_WARN_UNUSED_FUNCTION = YES;
				GCC_WARN_UNUSED_VARIABLE = YES;
				IPHONEOS_DEPLOYMENT_TARGET = 8.1;
				MTL_ENABLE_DEBUG_INFO = NO;
				SDKROOT = iphoneos;
				VALIDATE_PRODUCT = YES;
			};
			name = Release;
		};
		70D6D7E41A092E380057B20A /* Debug */ = {
			isa = XCBuildConfiguration;
			buildSettings = {
				ASSETCATALOG_COMPILER_APPICON_NAME = AppIcon;
				INFOPLIST_FILE = StanfordMatchismo/Info.plist;
				LD_RUNPATH_SEARCH_PATHS = "$(inherited) @executable_path/Frameworks";
				PRODUCT_NAME = "Match-A-Card";
				TARGETED_DEVICE_FAMILY = "1,2";
			};
			name = Debug;
		};
		70D6D7E51A092E380057B20A /* Release */ = {
			isa = XCBuildConfiguration;
			buildSettings = {
				ASSETCATALOG_COMPILER_APPICON_NAME = AppIcon;
				INFOPLIST_FILE = StanfordMatchismo/Info.plist;
				LD_RUNPATH_SEARCH_PATHS = "$(inherited) @executable_path/Frameworks";
				PRODUCT_NAME = "Match-A-Card";
				TARGETED_DEVICE_FAMILY = "1,2";
			};
			name = Release;
		};
		70D6D7E71A092E380057B20A /* Debug */ = {
			isa = XCBuildConfiguration;
			buildSettings = {
				BUNDLE_LOADER = "$(TEST_HOST)";
				FRAMEWORK_SEARCH_PATHS = (
					"$(SDKROOT)/Developer/Library/Frameworks",
					"$(inherited)",
				);
				GCC_PREPROCESSOR_DEFINITIONS = (
					"DEBUG=1",
					"$(inherited)",
				);
				INFOPLIST_FILE = StanfordMatchismoTests/Info.plist;
				LD_RUNPATH_SEARCH_PATHS = "$(inherited) @executable_path/Frameworks @loader_path/Frameworks";
				PRODUCT_NAME = "Match-A-CardTests";
				TEST_HOST = "$(BUILT_PRODUCTS_DIR)/Match-A-Card.app/Match-A-Card";
			};
			name = Debug;
		};
		70D6D7E81A092E380057B20A /* Release */ = {
			isa = XCBuildConfiguration;
			buildSettings = {
				BUNDLE_LOADER = "$(TEST_HOST)";
				FRAMEWORK_SEARCH_PATHS = (
					"$(SDKROOT)/Developer/Library/Frameworks",
					"$(inherited)",
				);
				INFOPLIST_FILE = StanfordMatchismoTests/Info.plist;
				LD_RUNPATH_SEARCH_PATHS = "$(inherited) @executable_path/Frameworks @loader_path/Frameworks";
				PRODUCT_NAME = "Match-A-CardTests";
				TEST_HOST = "$(BUILT_PRODUCTS_DIR)/Match-A-Card.app/Match-A-Card";
			};
			name = Release;
		};
/* End XCBuildConfiguration section */

/* Begin XCConfigurationList section */
		70D6D7BB1A092E370057B20A /* Build configuration list for PBXProject "Match-A-Card" */ = {
			isa = XCConfigurationList;
			buildConfigurations = (
				70D6D7E11A092E380057B20A /* Debug */,
				70D6D7E21A092E380057B20A /* Release */,
			);
			defaultConfigurationIsVisible = 0;
			defaultConfigurationName = Release;
		};
		70D6D7E31A092E380057B20A /* Build configuration list for PBXNativeTarget "Match-A-Card" */ = {
			isa = XCConfigurationList;
			buildConfigurations = (
				70D6D7E41A092E380057B20A /* Debug */,
				70D6D7E51A092E380057B20A /* Release */,
			);
			defaultConfigurationIsVisible = 0;
			defaultConfigurationName = Release;
		};
		70D6D7E61A092E380057B20A /* Build configuration list for PBXNativeTarget "Match-A-CardTests" */ = {
			isa = XCConfigurationList;
			buildConfigurations = (
				70D6D7E71A092E380057B20A /* Debug */,
				70D6D7E81A092E380057B20A /* Release */,
			);
			defaultConfigurationIsVisible = 0;
			defaultConfigurationName = Release;
		};
/* End XCConfigurationList section */
	};
	rootObject = 70D6D7B81A092E370057B20A /* Project object */;
}
